
Microsoft Visual Studio Solution File, Format Version 12.00
Project("{FAE04EC0-301F-11D3-BF4B-00C04F79EFBC}") = "2048Game", "2048Game.csproj", "{73C85A3C-AFE7-45B8-B780-AAA6529CFE6C}"
EndProject
Global
	GlobalSection(SolutionConfigurationPlatforms) = preSolution
		Debug|Any CPU = Debug|Any CPU
		Release|Any CPU = Release|Any CPU
	EndGlobalSection
	GlobalSection(ProjectConfigurationPlatforms) = postSolution
		{73C85A3C-AFE7-45B8-B780-AAA6529CFE6C}.Debug|Any CPU.ActiveCfg = Debug|Any CPU
		{73C85A3C-AFE7-45B8-B780-AAA6529CFE6C}.Debug|Any CPU.Build.0 = Debug|Any CPU
		{73C85A3C-AFE7-45B8-B780-AAA6529CFE6C}.Release|Any CPU.ActiveCfg = Release|Any CPU
		{73C85A3C-AFE7-45B8-B780-AAA6529CFE6C}.Release|Any CPU.Build.0 = Release|Any CPU
	EndGlobalSection
EndGlobal
